Microsoft Visual Studio Solution File, Format Version 8.00
Project("{8BC9CEB8-8B4A-11D0-8D11-00A0C91BC942}") = "BuzzMachineLoader", "BuzzMachineLoader.vcproj", "{49058262-131C-4FCE-A8BB-99DC064C598F}"
	ProjectSection(ProjectDependencies) = postProject
	EndProjectSection
EndProject
Global
	GlobalSection(SolutionConfiguration) = preSolution
		Debug = Debug
		Release = Release
	EndGlobalSection
	GlobalSection(ProjectConfiguration) = postSolution
		{49058262-131C-4FCE-A8BB-99DC064C598F}.Debug.ActiveCfg = Debug|Win32
		{49058262-131C-4FCE-A8BB-99DC064C598F}.Debug.Build.0 = Debug|Win32
		{49058262-131C-4FCE-A8BB-99DC064C598F}.Release.ActiveCfg = Release|Win32
		{49058262-131C-4FCE-A8BB-99DC064C598F}.Release.Build.0 = Release|Win32
	EndGlobalSection
	GlobalSection(ExtensibilityGlobals) = postSolution
	EndGlobalSection
	GlobalSection(ExtensibilityAddIns) = postSolution
	EndGlobalSection
EndGlobal
